
Microsoft Visual Studio Solution File, Format Version 12.00
# Visual Studio Version 17
VisualStudioVersion = 17.1.32328.378
MinimumVisualStudioVersion = 10.0.40219.1
Project("{FAE04EC0-301F-11D3-BF4B-00C04F79EFBC}") = "BlazorCustomLayoutPage.Server", "BlazorCustomLayoutPage\Server\BlazorCustomLayoutPage.Server.csproj", "{41865A0E-90D7-4D50-BA7C-A384D9611F70}"
EndProject
Project("{FAE04EC0-301F-11D3-BF4B-00C04F79EFBC}") = "BlazorCustomLayoutPage.Client", "BlazorCustomLayoutPage\Client\BlazorCustomLayoutPage.Client.csproj", "{BD161ACF-B78C-4926-B027-BE5698F0AA99}"
EndProject
Project("{FAE04EC0-301F-11D3-BF4B-00C04F79EFBC}") = "BlazorCustomLayoutPage.Shared", "BlazorCustomLayoutPage\Shared\BlazorCustomLayoutPage.Shared.csproj", "{B48E876E-8AC4-47BE-A761-A6E29041D829}"
EndProject
Global
	GlobalSection(SolutionConfigurationPlatforms) = preSolution
		Debug|Any CPU = Debug|Any CPU
		Release|Any CPU = Release|Any CPU
	EndGlobalSection
	GlobalSection(ProjectConfigurationPlatforms) = postSolution
		{41865A0E-90D7-4D50-BA7C-A384D9611F70}.Debug|Any CPU.ActiveCfg = Debug|Any CPU
		{41865A0E-90D7-4D50-BA7C-A384D9611F70}.Debug|Any CPU.Build.0 = Debug|Any CPU
		{41865A0E-90D7-4D50-BA7C-A384D9611F70}.Release|Any CPU.ActiveCfg = Release|Any CPU
		{41865A0E-90D7-4D50-BA7C-A384D9611F70}.Release|Any CPU.Build.0 = Release|Any CPU
		{BD161ACF-B78C-4926-B027-BE5698F0AA99}.Debug|Any CPU.ActiveCfg = Debug|Any CPU
		{BD161ACF-B78C-4926-B027-BE5698F0AA99}.Debug|Any CPU.Build.0 = Debug|Any CPU
		{BD161ACF-B78C-4926-B027-BE5698F0AA99}.Release|Any CPU.ActiveCfg = Release|Any CPU
		{BD161ACF-B78C-4926-B027-BE5698F0AA99}.Release|Any CPU.Build.0 = Release|Any CPU
		{B48E876E-8AC4-47BE-A761-A6E29041D829}.Debug|Any CPU.ActiveCfg = Debug|Any CPU
		{B48E876E-8AC4-47BE-A761-A6E29041D829}.Debug|Any CPU.Build.0 = Debug|Any CPU
		{B48E876E-8AC4-47BE-A761-A6E29041D829}.Release|Any CPU.ActiveCfg = Release|Any CPU
		{B48E876E-8AC4-47BE-A761-A6E29041D829}.Release|Any CPU.Build.0 = Release|Any CPU
	EndGlobalSection
	GlobalSection(SolutionProperties) = preSolution
		HideSolutionNode = FALSE
	EndGlobalSection
	GlobalSection(ExtensibilityGlobals) = postSolution
		SolutionGuid = {8728FF30-C2A5-436C-AED5-26D4DA9F4F86}
	EndGlobalSection
EndGlobal
